
Microsoft Visual Studio Solution File, Format Version 12.00
# Visual Studio Express 2012 for Windows 8
Project("{262852C6-CD72-467D-83FE-5EEB1973A190}") = "Clok", "Clok\Clok.jsproj", "{068D38C6-5CDC-44D8-A832-F96AB138E866}"
EndProject
Project("{FAE04EC0-301F-11D3-BF4B-00C04F79EFBC}") = "ClokUtilities", "ClokUtilities\ClokUtilities.csproj", "{F54C482E-21A3-49C4-BCEB-B7066451A819}"
EndProject
Global
	GlobalSection(SolutionConfigurationPlatforms) = preSolution
		Debug|Any CPU = Debug|Any CPU
		Debug|ARM = Debug|ARM
		Debug|x64 = Debug|x64
		Debug|x86 = Debug|x86
		Release|Any CPU = Release|Any CPU
		Release|ARM = Release|ARM
		Release|x64 = Release|x64
		Release|x86 = Release|x86
	EndGlobalSection
	GlobalSection(ProjectConfigurationPlatforms) = postSolution
		{068D38C6-5CDC-44D8-A832-F96AB138E866}.Debug|Any CPU.ActiveCfg = Debug|Any CPU
		{068D38C6-5CDC-44D8-A832-F96AB138E866}.Debug|Any CPU.Build.0 = Debug|Any CPU
		{068D38C6-5CDC-44D8-A832-F96AB138E866}.Debug|Any CPU.Deploy.0 = Debug|Any CPU
		{068D38C6-5CDC-44D8-A832-F96AB138E866}.Debug|ARM.ActiveCfg = Debug|ARM
		{068D38C6-5CDC-44D8-A832-F96AB138E866}.Debug|ARM.Build.0 = Debug|ARM
		{068D38C6-5CDC-44D8-A832-F96AB138E866}.Debug|ARM.Deploy.0 = Debug|ARM
		{068D38C6-5CDC-44D8-A832-F96AB138E866}.Debug|x64.ActiveCfg = Debug|x64
		{068D38C6-5CDC-44D8-A832-F96AB138E866}.Debug|x64.Build.0 = Debug|x64
		{068D38C6-5CDC-44D8-A832-F96AB138E866}.Debug|x64.Deploy.0 = Debug|x64
		{068D38C6-5CDC-44D8-A832-F96AB138E866}.Debug|x86.ActiveCfg = Debug|x86
		{068D38C6-5CDC-44D8-A832-F96AB138E866}.Debug|x86.Build.0 = Debug|x86
		{068D38C6-5CDC-44D8-A832-F96AB138E866}.Debug|x86.Deploy.0 = Debug|x86
		{068D38C6-5CDC-44D8-A832-F96AB138E866}.Release|Any CPU.ActiveCfg = Release|Any CPU
		{068D38C6-5CDC-44D8-A832-F96AB138E866}.Release|Any CPU.Build.0 = Release|Any CPU
		{068D38C6-5CDC-44D8-A832-F96AB138E866}.Release|Any CPU.Deploy.0 = Release|Any CPU
		{068D38C6-5CDC-44D8-A832-F96AB138E866}.Release|ARM.ActiveCfg = Release|ARM
		{068D38C6-5CDC-44D8-A832-F96AB138E866}.Release|ARM.Build.0 = Release|ARM
		{068D38C6-5CDC-44D8-A832-F96AB138E866}.Release|ARM.Deploy.0 = Release|ARM
		{068D38C6-5CDC-44D8-A832-F96AB138E866}.Release|x64.ActiveCfg = Release|x64
		{068D38C6-5CDC-44D8-A832-F96AB138E866}.Release|x64.Build.0 = Release|x64
		{068D38C6-5CDC-44D8-A832-F96AB138E866}.Release|x64.Deploy.0 = Release|x64
		{068D38C6-5CDC-44D8-A832-F96AB138E866}.Release|x86.ActiveCfg = Release|x86
		{068D38C6-5CDC-44D8-A832-F96AB138E866}.Release|x86.Build.0 = Release|x86
		{068D38C6-5CDC-44D8-A832-F96AB138E866}.Release|x86.Deploy.0 = Release|x86
		{F54C482E-21A3-49C4-BCEB-B7066451A819}.Debug|Any CPU.ActiveCfg = Debug|Any CPU
		{F54C482E-21A3-49C4-BCEB-B7066451A819}.Debug|Any CPU.Build.0 = Debug|Any CPU
		{F54C482E-21A3-49C4-BCEB-B7066451A819}.Debug|ARM.ActiveCfg = Debug|ARM
		{F54C482E-21A3-49C4-BCEB-B7066451A819}.Debug|ARM.Build.0 = Debug|ARM
		{F54C482E-21A3-49C4-BCEB-B7066451A819}.Debug|x64.ActiveCfg = Debug|x64
		{F54C482E-21A3-49C4-BCEB-B7066451A819}.Debug|x64.Build.0 = Debug|x64
		{F54C482E-21A3-49C4-BCEB-B7066451A819}.Debug|x86.ActiveCfg = Debug|x86
		{F54C482E-21A3-49C4-BCEB-B7066451A819}.Debug|x86.Build.0 = Debug|x86
		{F54C482E-21A3-49C4-BCEB-B7066451A819}.Release|Any CPU.ActiveCfg = Release|Any CPU
		{F54C482E-21A3-49C4-BCEB-B7066451A819}.Release|Any CPU.Build.0 = Release|Any CPU
		{F54C482E-21A3-49C4-BCEB-B7066451A819}.Release|ARM.ActiveCfg = Release|ARM
		{F54C482E-21A3-49C4-BCEB-B7066451A819}.Release|ARM.Build.0 = Release|ARM
		{F54C482E-21A3-49C4-BCEB-B7066451A819}.Release|x64.ActiveCfg = Release|x64
		{F54C482E-21A3-49C4-BCEB-B7066451A819}.Release|x64.Build.0 = Release|x64
		{F54C482E-21A3-49C4-BCEB-B7066451A819}.Release|x86.ActiveCfg = Release|x86
		{F54C482E-21A3-49C4-BCEB-B7066451A819}.Release|x86.Build.0 = Release|x86
	EndGlobalSection
	GlobalSection(SolutionProperties) = preSolution
		HideSolutionNode = FALSE
	EndGlobalSection
EndGlobal
